
Microsoft Visual Studio Solution File, Format Version 12.00
# Visual Studio Version 17
VisualStudioVersion = 17.9.34616.47
MinimumVisualStudioVersion = 10.0.40219.1
Project("{FAE04EC0-301F-11D3-BF4B-00C04F79EFBC}") = "AmazonAutomationTestFramework", "AmazonAutomationTestFramework\AmazonAutomationTestFramework.csproj", "{AAD8E122-9511-4F49-9FF6-F73CB1870763}"
EndProject
Global
	GlobalSection(SolutionConfigurationPlatforms) = preSolution
		Debug|Any CPU = Debug|Any CPU
		Release|Any CPU = Release|Any CPU
	EndGlobalSection
	GlobalSection(ProjectConfigurationPlatforms) = postSolution
		{AAD8E122-9511-4F49-9FF6-F73CB1870763}.Debug|Any CPU.ActiveCfg = Debug|Any CPU
		{AAD8E122-9511-4F49-9FF6-F73CB1870763}.Debug|Any CPU.Build.0 = Debug|Any CPU
		{AAD8E122-9511-4F49-9FF6-F73CB1870763}.Release|Any CPU.ActiveCfg = Release|Any CPU
		{AAD8E122-9511-4F49-9FF6-F73CB1870763}.Release|Any CPU.Build.0 = Release|Any CPU
	EndGlobalSection
	GlobalSection(SolutionProperties) = preSolution
		HideSolutionNode = FALSE
	EndGlobalSection
	GlobalSection(ExtensibilityGlobals) = postSolution
		SolutionGuid = {3D2BABC6-2798-4FEB-84A4-BA5638541F08}
	EndGlobalSection
EndGlobal
